# This file is automatically @generated by Poetry 1.5.1 and should not be changed by hand.

[[package]]
name = "sqlite5"
version = "0.1.1"
description = "SQLite provides a simplified wrapper for SQLite3, along with built-in multi-thread safety."
optional = false
python-versions = "*"
files = [
    {file = "sqlite5-0.1.1.tar.gz", hash = "sha256:9d32d47bbed916bdb4d194ec9fa4d84798d8b9123436c0a8904498f8ec73f94e"},
]

[metadata]
lock-version = "2.0"
python-versions = "^3.11"
content-hash = "22befb36736fcfa74667e35152fe5094d9d8405eb4d76e9f2dbd50e1ec7576ce"
